
Microsoft Visual Studio Solution File, Format Version 12.00
# Visual Studio Version 17
VisualStudioVersion = 17.1.32328.378
MinimumVisualStudioVersion = 10.0.40219.1
Project("{888888A0-9F3D-457C-B088-3A5042F75D52}") = "Text_Based_Dragon_Game", "Text_Based_Dragon_Game.pyproj", "{12525BE8-AC13-479C-9456-01091551A5B8}"
EndProject
Global
	GlobalSection(SolutionConfigurationPlatforms) = preSolution
		Debug|Any CPU = Debug|Any CPU
		Release|Any CPU = Release|Any CPU
	EndGlobalSection
	GlobalSection(ProjectConfigurationPlatforms) = postSolution
		{12525BE8-AC13-479C-9456-01091551A5B8}.Debug|Any CPU.ActiveCfg = Debug|Any CPU
		{12525BE8-AC13-479C-9456-01091551A5B8}.Release|Any CPU.ActiveCfg = Release|Any CPU
	EndGlobalSection
	GlobalSection(SolutionProperties) = preSolution
		HideSolutionNode = FALSE
	EndGlobalSection
	GlobalSection(ExtensibilityGlobals) = postSolution
		SolutionGuid = {AF844E6B-B001-4494-9EE5-6E3F3E0032EF}
	EndGlobalSection
EndGlobal
